
Microsoft Visual Studio Solution File, Format Version 12.00
# Blend for Visual Studio 15
VisualStudioVersion = 15.0.28010.2050
MinimumVisualStudioVersion = 10.0.40219.1
Project("{FAE04EC0-301F-11D3-BF4B-00C04F79EFBC}") = "EntrepMe.Android", "EntrepMe\EntrepMe.Android\EntrepMe.Android.csproj", "{D46991AE-B824-4D38-8A5B-38CABC69D07A}"
EndProject
Project("{FAE04EC0-301F-11D3-BF4B-00C04F79EFBC}") = "EntrepMe.iOS", "EntrepMe\EntrepMe.iOS\EntrepMe.iOS.csproj", "{60002FB3-0EC7-4BA5-B830-92CFB666554E}"
EndProject
Project("{FAE04EC0-301F-11D3-BF4B-00C04F79EFBC}") = "EntrepMe.UWP", "EntrepMe\EntrepMe.UWP\EntrepMe.UWP.csproj", "{606E2E7F-DB9B-49E2-AAEC-FB550CEEC044}"
EndProject
Project("{9A19103F-16F7-4668-BE54-9A1E7A4F7556}") = "EntrepMe.MobileAppService", "EntrepMe\EntrepMe.MobileAppService\EntrepMe.MobileAppService.csproj", "{4790F6FA-CCF7-4CFC-B08B-829D3BD66AD2}"
EndProject
Project("{D954291E-2A0B-460D-934E-DC6B0785DB48}") = "EntrepMe", "EntrepMe\EntrepMe\EntrepMe.shproj", "{651C30BB-02D9-4F5B-9DC0-4F217A37DBF3}"
EndProject
Project("{FAE04EC0-301F-11D3-BF4B-00C04F79EFBC}") = "TestEntepME", "TestEntepME\TestEntepME.csproj", "{38CBDD87-99A0-46F4-90BD-EA1FDCB2451A}"
EndProject
Global
	GlobalSection(SharedMSBuildProjectFiles) = preSolution
		EntrepMe\EntrepMe\EntrepMe.projitems*{606e2e7f-db9b-49e2-aaec-fb550ceec044}*SharedItemsImports = 4
		EntrepMe\EntrepMe\EntrepMe.projitems*{651c30bb-02d9-4f5b-9dc0-4f217a37dbf3}*SharedItemsImports = 13
	EndGlobalSection
	GlobalSection(SolutionConfigurationPlatforms) = preSolution
		Debug|Any CPU = Debug|Any CPU
		Debug|ARM = Debug|ARM
		Debug|iPhone = Debug|iPhone
		Debug|iPhoneSimulator = Debug|iPhoneSimulator
		Debug|x64 = Debug|x64
		Debug|x86 = Debug|x86
		Release|Any CPU = Release|Any CPU
		Release|ARM = Release|ARM
		Release|iPhone = Release|iPhone
		Release|iPhoneSimulator = Release|iPhoneSimulator
		Release|x64 = Release|x64
		Release|x86 = Release|x86
	EndGlobalSection
	GlobalSection(ProjectConfigurationPlatforms) = postSolution
		{D46991AE-B824-4D38-8A5B-38CABC69D07A}.Debug|Any CPU.ActiveCfg = Debug|Any CPU
		{D46991AE-B824-4D38-8A5B-38CABC69D07A}.Debug|Any CPU.Build.0 = Debug|Any CPU
		{D46991AE-B824-4D38-8A5B-38CABC69D07A}.Debug|Any CPU.Deploy.0 = Debug|Any CPU
		{D46991AE-B824-4D38-8A5B-38CABC69D07A}.Debug|ARM.ActiveCfg = Debug|Any CPU
		{D46991AE-B824-4D38-8A5B-38CABC69D07A}.Debug|ARM.Build.0 = Debug|Any CPU
		{D46991AE-B824-4D38-8A5B-38CABC69D07A}.Debug|ARM.Deploy.0 = Debug|Any CPU
		{D46991AE-B824-4D38-8A5B-38CABC69D07A}.Debug|iPhone.ActiveCfg = Debug|Any CPU
		{D46991AE-B824-4D38-8A5B-38CABC69D07A}.Debug|iPhone.Build.0 = Debug|Any CPU
		{D46991AE-B824-4D38-8A5B-38CABC69D07A}.Debug|iPhone.Deploy.0 = Debug|Any CPU
		{D46991AE-B824-4D38-8A5B-38CABC69D07A}.Debug|iPhoneSimulator.ActiveCfg = Debug|Any CPU
		{D46991AE-B824-4D38-8A5B-38CABC69D07A}.Debug|iPhoneSimulator.Build.0 = Debug|Any CPU
		{D46991AE-B824-4D38-8A5B-38CABC69D07A}.Debug|iPhoneSimulator.Deploy.0 = Debug|Any CPU
		{D46991AE-B824-4D38-8A5B-38CABC69D07A}.Debug|x64.ActiveCfg = Debug|Any CPU
		{D46991AE-B824-4D38-8A5B-38CABC69D07A}.Debug|x64.Build.0 = Debug|Any CPU
		{D46991AE-B824-4D38-8A5B-38CABC69D07A}.Debug|x64.Deploy.0 = Debug|Any CPU
		{D46991AE-B824-4D38-8A5B-38CABC69D07A}.Debug|x86.ActiveCfg = Debug|Any CPU
		{D46991AE-B824-4D38-8A5B-38CABC69D07A}.Release|Any CPU.ActiveCfg = Release|Any CPU
		{D46991AE-B824-4D38-8A5B-38CABC69D07A}.Release|Any CPU.Build.0 = Release|Any CPU
		{D46991AE-B824-4D38-8A5B-38CABC69D07A}.Release|Any CPU.Deploy.0 = Release|Any CPU
		{D46991AE-B824-4D38-8A5B-38CABC69D07A}.Release|ARM.ActiveCfg = Release|Any CPU
		{D46991AE-B824-4D38-8A5B-38CABC69D07A}.Release|ARM.Build.0 = Release|Any CPU
		{D46991AE-B824-4D38-8A5B-38CABC69D07A}.Release|ARM.Deploy.0 = Release|Any CPU
		{D46991AE-B824-4D38-8A5B-38CABC69D07A}.Release|iPhone.ActiveCfg = Release|Any CPU
		{D46991AE-B824-4D38-8A5B-38CABC69D07A}.Release|iPhone.Build.0 = Release|Any CPU
		{D46991AE-B824-4D38-8A5B-38CABC69D07A}.Release|iPhone.Deploy.0 = Release|Any CPU
		{D46991AE-B824-4D38-8A5B-38CABC69D07A}.Release|iPhoneSimulator.ActiveCfg = Release|Any CPU
		{D46991AE-B824-4D38-8A5B-38CABC69D07A}.Release|iPhoneSimulator.Build.0 = Release|Any CPU
		{D46991AE-B824-4D38-8A5B-38CABC69D07A}.Release|iPhoneSimulator.Deploy.0 = Release|Any CPU
		{D46991AE-B824-4D38-8A5B-38CABC69D07A}.Release|x64.ActiveCfg = Release|Any CPU
		{D46991AE-B824-4D38-8A5B-38CABC69D07A}.Release|x64.Build.0 = Release|Any CPU
		{D46991AE-B824-4D38-8A5B-38CABC69D07A}.Release|x64.Deploy.0 = Release|Any CPU
		{D46991AE-B824-4D38-8A5B-38CABC69D07A}.Release|x86.ActiveCfg = Release|Any CPU
		{D46991AE-B824-4D38-8A5B-38CABC69D07A}.Release|x86.Build.0 = Release|Any CPU
		{D46991AE-B824-4D38-8A5B-38CABC69D07A}.Release|x86.Deploy.0 = Release|Any CPU
		{60002FB3-0EC7-4BA5-B830-92CFB666554E}.Debug|Any CPU.ActiveCfg = Debug|iPhoneSimulator
		{60002FB3-0EC7-4BA5-B830-92CFB666554E}.Debug|Any CPU.Build.0 = Debug|iPhoneSimulator
		{60002FB3-0EC7-4BA5-B830-92CFB666554E}.Debug|Any CPU.Deploy.0 = Debug|iPhoneSimulator
		{60002FB3-0EC7-4BA5-B830-92CFB666554E}.Debug|ARM.ActiveCfg = Debug|iPhone
		{60002FB3-0EC7-4BA5-B830-92CFB666554E}.Debug|ARM.Build.0 = Debug|iPhone
		{60002FB3-0EC7-4BA5-B830-92CFB666554E}.Debug|ARM.Deploy.0 = Debug|iPhone
		{60002FB3-0EC7-4BA5-B830-92CFB666554E}.Debug|iPhone.ActiveCfg = Debug|iPhone
		{60002FB3-0EC7-4BA5-B830-92CFB666554E}.Debug|iPhone.Build.0 = Debug|iPhone
		{60002FB3-0EC7-4BA5-B830-92CFB666554E}.Debug|iPhone.Deploy.0 = Debug|iPhone
		{60002FB3-0EC7-4BA5-B830-92CFB666554E}.Debug|iPhoneSimulator.ActiveCfg = Debug|iPhoneSimulator
		{60002FB3-0EC7-4BA5-B830-92CFB666554E}.Debug|iPhoneSimulator.Build.0 = Debug|iPhoneSimulator
		{60002FB3-0EC7-4BA5-B830-92CFB666554E}.Debug|iPhoneSimulator.Deploy.0 = Debug|iPhoneSimulator
		{60002FB3-0EC7-4BA5-B830-92CFB666554E}.Debug|x64.ActiveCfg = Debug|iPhone
		{60002FB3-0EC7-4BA5-B830-92CFB666554E}.Debug|x64.Build.0 = Debug|iPhone
		{60002FB3-0EC7-4BA5-B830-92CFB666554E}.Debug|x64.Deploy.0 = Debug|iPhone
		{60002FB3-0EC7-4BA5-B830-92CFB666554E}.Debug|x86.ActiveCfg = Debug|iPhone
		{60002FB3-0EC7-4BA5-B830-92CFB666554E}.Debug|x86.Build.0 = Debug|iPhone
		{60002FB3-0EC7-4BA5-B830-92CFB666554E}.Debug|x86.Deploy.0 = Debug|iPhone
		{60002FB3-0EC7-4BA5-B830-92CFB666554E}.Release|Any CPU.ActiveCfg = Release|iPhone
		{60002FB3-0EC7-4BA5-B830-92CFB666554E}.Release|Any CPU.Build.0 = Release|iPhone
		{60002FB3-0EC7-4BA5-B830-92CFB666554E}.Release|Any CPU.Deploy.0 = Release|iPhone
		{60002FB3-0EC7-4BA5-B830-92CFB666554E}.Release|ARM.ActiveCfg = Release|iPhone
		{60002FB3-0EC7-4BA5-B830-92CFB666554E}.Release|ARM.Build.0 = Release|iPhone
		{60002FB3-0EC7-4BA5-B830-92CFB666554E}.Release|ARM.Deploy.0 = Release|iPhone
		{60002FB3-0EC7-4BA5-B830-92CFB666554E}.Release|iPhone.ActiveCfg = Release|iPhone
		{60002FB3-0EC7-4BA5-B830-92CFB666554E}.Release|iPhone.Build.0 = Release|iPhone
		{60002FB3-0EC7-4BA5-B830-92CFB666554E}.Release|iPhone.Deploy.0 = Release|iPhone
		{60002FB3-0EC7-4BA5-B830-92CFB666554E}.Release|iPhoneSimulator.ActiveCfg = Release|iPhoneSimulator
		{60002FB3-0EC7-4BA5-B830-92CFB666554E}.Release|iPhoneSimulator.Build.0 = Release|iPhoneSimulator
		{60002FB3-0EC7-4BA5-B830-92CFB666554E}.Release|iPhoneSimulator.Deploy.0 = Release|iPhoneSimulator
		{60002FB3-0EC7-4BA5-B830-92CFB666554E}.Release|x64.ActiveCfg = Release|iPhone
		{60002FB3-0EC7-4BA5-B830-92CFB666554E}.Release|x64.Build.0 = Release|iPhone
		{60002FB3-0EC7-4BA5-B830-92CFB666554E}.Release|x64.Deploy.0 = Release|iPhone
		{60002FB3-0EC7-4BA5-B830-92CFB666554E}.Release|x86.ActiveCfg = Release|iPhone
		{60002FB3-0EC7-4BA5-B830-92CFB666554E}.Release|x86.Build.0 = Release|iPhone
		{60002FB3-0EC7-4BA5-B830-92CFB666554E}.Release|x86.Deploy.0 = Release|iPhone
		{606E2E7F-DB9B-49E2-AAEC-FB550CEEC044}.Debug|Any CPU.ActiveCfg = Debug|x86
		{606E2E7F-DB9B-49E2-AAEC-FB550CEEC044}.Debug|Any CPU.Build.0 = Debug|x86
		{606E2E7F-DB9B-49E2-AAEC-FB550CEEC044}.Debug|Any CPU.Deploy.0 = Debug|x86
		{606E2E7F-DB9B-49E2-AAEC-FB550CEEC044}.Debug|ARM.ActiveCfg = Debug|ARM
		{606E2E7F-DB9B-49E2-AAEC-FB550CEEC044}.Debug|ARM.Build.0 = Debug|ARM
		{606E2E7F-DB9B-49E2-AAEC-FB550CEEC044}.Debug|ARM.Deploy.0 = Debug|ARM
		{606E2E7F-DB9B-49E2-AAEC-FB550CEEC044}.Debug|iPhone.ActiveCfg = Debug|x86
		{606E2E7F-DB9B-49E2-AAEC-FB550CEEC044}.Debug|iPhone.Build.0 = Debug|x86
		{606E2E7F-DB9B-49E2-AAEC-FB550CEEC044}.Debug|iPhone.Deploy.0 = Debug|x86
		{606E2E7F-DB9B-49E2-AAEC-FB550CEEC044}.Debug|iPhoneSimulator.ActiveCfg = Debug|x86
		{606E2E7F-DB9B-49E2-AAEC-FB550CEEC044}.Debug|iPhoneSimulator.Build.0 = Debug|x86
		{606E2E7F-DB9B-49E2-AAEC-FB550CEEC044}.Debug|iPhoneSimulator.Deploy.0 = Debug|x86
		{606E2E7F-DB9B-49E2-AAEC-FB550CEEC044}.Debug|x64.ActiveCfg = Debug|x64
		{606E2E7F-DB9B-49E2-AAEC-FB550CEEC044}.Debug|x64.Build.0 = Debug|x64
		{606E2E7F-DB9B-49E2-AAEC-FB550CEEC044}.Debug|x64.Deploy.0 = Debug|x64
		{606E2E7F-DB9B-49E2-AAEC-FB550CEEC044}.Debug|x86.ActiveCfg = Debug|x86
		{606E2E7F-DB9B-49E2-AAEC-FB550CEEC044}.Release|Any CPU.ActiveCfg = Release|x86
		{606E2E7F-DB9B-49E2-AAEC-FB550CEEC044}.Release|Any CPU.Build.0 = Release|x86
		{606E2E7F-DB9B-49E2-AAEC-FB550CEEC044}.Release|Any CPU.Deploy.0 = Release|x86
		{606E2E7F-DB9B-49E2-AAEC-FB550CEEC044}.Release|ARM.ActiveCfg = Release|ARM
		{606E2E7F-DB9B-49E2-AAEC-FB550CEEC044}.Release|ARM.Build.0 = Release|ARM
		{606E2E7F-DB9B-49E2-AAEC-FB550CEEC044}.Release|ARM.Deploy.0 = Release|ARM
		{606E2E7F-DB9B-49E2-AAEC-FB550CEEC044}.Release|iPhone.ActiveCfg = Release|x86
		{606E2E7F-DB9B-49E2-AAEC-FB550CEEC044}.Release|iPhone.Build.0 = Release|x86
		{606E2E7F-DB9B-49E2-AAEC-FB550CEEC044}.Release|iPhone.Deploy.0 = Release|x86
		{606E2E7F-DB9B-49E2-AAEC-FB550CEEC044}.Release|iPhoneSimulator.ActiveCfg = Release|x86
		{606E2E7F-DB9B-49E2-AAEC-FB550CEEC044}.Release|iPhoneSimulator.Build.0 = Release|x86
		{606E2E7F-DB9B-49E2-AAEC-FB550CEEC044}.Release|iPhoneSimulator.Deploy.0 = Release|x86
		{606E2E7F-DB9B-49E2-AAEC-FB550CEEC044}.Release|x64.ActiveCfg = Release|x64
		{606E2E7F-DB9B-49E2-AAEC-FB550CEEC044}.Release|x64.Build.0 = Release|x64
		{606E2E7F-DB9B-49E2-AAEC-FB550CEEC044}.Release|x64.Deploy.0 = Release|x64
		{606E2E7F-DB9B-49E2-AAEC-FB550CEEC044}.Release|x86.ActiveCfg = Release|x86
		{606E2E7F-DB9B-49E2-AAEC-FB550CEEC044}.Release|x86.Build.0 = Release|x86
		{606E2E7F-DB9B-49E2-AAEC-FB550CEEC044}.Release|x86.Deploy.0 = Release|x86
		{4790F6FA-CCF7-4CFC-B08B-829D3BD66AD2}.Debug|Any CPU.ActiveCfg = Debug|Any CPU
		{4790F6FA-CCF7-4CFC-B08B-829D3BD66AD2}.Debug|Any CPU.Build.0 = Debug|Any CPU
		{4790F6FA-CCF7-4CFC-B08B-829D3BD66AD2}.Debug|Any CPU.Deploy.0 = Debug|Any CPU
		{4790F6FA-CCF7-4CFC-B08B-829D3BD66AD2}.Debug|ARM.ActiveCfg = Debug|Any CPU
		{4790F6FA-CCF7-4CFC-B08B-829D3BD66AD2}.Debug|ARM.Build.0 = Debug|Any CPU
		{4790F6FA-CCF7-4CFC-B08B-829D3BD66AD2}.Debug|ARM.Deploy.0 = Debug|Any CPU
		{4790F6FA-CCF7-4CFC-B08B-829D3BD66AD2}.Debug|iPhone.ActiveCfg = Debug|Any CPU
		{4790F6FA-CCF7-4CFC-B08B-829D3BD66AD2}.Debug|iPhone.Build.0 = Debug|Any CPU
		{4790F6FA-CCF7-4CFC-B08B-829D3BD66AD2}.Debug|iPhone.Deploy.0 = Debug|Any CPU
		{4790F6FA-CCF7-4CFC-B08B-829D3BD66AD2}.Debug|iPhoneSimulator.ActiveCfg = Debug|Any CPU
		{4790F6FA-CCF7-4CFC-B08B-829D3BD66AD2}.Debug|iPhoneSimulator.Build.0 = Debug|Any CPU
		{4790F6FA-CCF7-4CFC-B08B-829D3BD66AD2}.Debug|iPhoneSimulator.Deploy.0 = Debug|Any CPU
		{4790F6FA-CCF7-4CFC-B08B-829D3BD66AD2}.Debug|x64.ActiveCfg = Debug|Any CPU
		{4790F6FA-CCF7-4CFC-B08B-829D3BD66AD2}.Debug|x64.Build.0 = Debug|Any CPU
		{4790F6FA-CCF7-4CFC-B08B-829D3BD66AD2}.Debug|x64.Deploy.0 = Debug|Any CPU
		{4790F6FA-CCF7-4CFC-B08B-829D3BD66AD2}.Debug|x86.ActiveCfg = Debug|Any CPU
		{4790F6FA-CCF7-4CFC-B08B-829D3BD66AD2}.Debug|x86.Deploy.0 = Debug|Any CPU
		{4790F6FA-CCF7-4CFC-B08B-829D3BD66AD2}.Release|Any CPU.ActiveCfg = Release|Any CPU
		{4790F6FA-CCF7-4CFC-B08B-829D3BD66AD2}.Release|Any CPU.Build.0 = Release|Any CPU
		{4790F6FA-CCF7-4CFC-B08B-829D3BD66AD2}.Release|Any CPU.Deploy.0 = Release|Any CPU
		{4790F6FA-CCF7-4CFC-B08B-829D3BD66AD2}.Release|ARM.ActiveCfg = Release|Any CPU
		{4790F6FA-CCF7-4CFC-B08B-829D3BD66AD2}.Release|ARM.Build.0 = Release|Any CPU
		{4790F6FA-CCF7-4CFC-B08B-829D3BD66AD2}.Release|ARM.Deploy.0 = Release|Any CPU
		{4790F6FA-CCF7-4CFC-B08B-829D3BD66AD2}.Release|iPhone.ActiveCfg = Release|Any CPU
		{4790F6FA-CCF7-4CFC-B08B-829D3BD66AD2}.Release|iPhone.Build.0 = Release|Any CPU
		{4790F6FA-CCF7-4CFC-B08B-829D3BD66AD2}.Release|iPhone.Deploy.0 = Release|Any CPU
		{4790F6FA-CCF7-4CFC-B08B-829D3BD66AD2}.Release|iPhoneSimulator.ActiveCfg = Release|Any CPU
		{4790F6FA-CCF7-4CFC-B08B-829D3BD66AD2}.Release|iPhoneSimulator.Build.0 = Release|Any CPU
		{4790F6FA-CCF7-4CFC-B08B-829D3BD66AD2}.Release|iPhoneSimulator.Deploy.0 = Release|Any CPU
		{4790F6FA-CCF7-4CFC-B08B-829D3BD66AD2}.Release|x64.ActiveCfg = Release|Any CPU
		{4790F6FA-CCF7-4CFC-B08B-829D3BD66AD2}.Release|x64.Build.0 = Release|Any CPU
		{4790F6FA-CCF7-4CFC-B08B-829D3BD66AD2}.Release|x64.Deploy.0 = Release|Any CPU
		{4790F6FA-CCF7-4CFC-B08B-829D3BD66AD2}.Release|x86.ActiveCfg = Release|Any CPU
		{4790F6FA-CCF7-4CFC-B08B-829D3BD66AD2}.Release|x86.Build.0 = Release|Any CPU
		{4790F6FA-CCF7-4CFC-B08B-829D3BD66AD2}.Release|x86.Deploy.0 = Release|Any CPU
		{38CBDD87-99A0-46F4-90BD-EA1FDCB2451A}.Debug|Any CPU.ActiveCfg = Debug|Any CPU
		{38CBDD87-99A0-46F4-90BD-EA1FDCB2451A}.Debug|Any CPU.Build.0 = Debug|Any CPU
		{38CBDD87-99A0-46F4-90BD-EA1FDCB2451A}.Debug|ARM.ActiveCfg = Debug|Any CPU
		{38CBDD87-99A0-46F4-90BD-EA1FDCB2451A}.Debug|ARM.Build.0 = Debug|Any CPU
		{38CBDD87-99A0-46F4-90BD-EA1FDCB2451A}.Debug|iPhone.ActiveCfg = Debug|Any CPU
		{38CBDD87-99A0-46F4-90BD-EA1FDCB2451A}.Debug|iPhone.Build.0 = Debug|Any CPU
		{38CBDD87-99A0-46F4-90BD-EA1FDCB2451A}.Debug|iPhoneSimulator.ActiveCfg = Debug|Any CPU
		{38CBDD87-99A0-46F4-90BD-EA1FDCB2451A}.Debug|iPhoneSimulator.Build.0 = Debug|Any CPU
		{38CBDD87-99A0-46F4-90BD-EA1FDCB2451A}.Debug|x64.ActiveCfg = Debug|Any CPU
		{38CBDD87-99A0-46F4-90BD-EA1FDCB2451A}.Debug|x64.Build.0 = Debug|Any CPU
		{38CBDD87-99A0-46F4-90BD-EA1FDCB2451A}.Debug|x86.ActiveCfg = Debug|Any CPU
		{38CBDD87-99A0-46F4-90BD-EA1FDCB2451A}.Debug|x86.Build.0 = Debug|Any CPU
		{38CBDD87-99A0-46F4-90BD-EA1FDCB2451A}.Release|Any CPU.ActiveCfg = Release|Any CPU
		{38CBDD87-99A0-46F4-90BD-EA1FDCB2451A}.Release|Any CPU.Build.0 = Release|Any CPU
		{38CBDD87-99A0-46F4-90BD-EA1FDCB2451A}.Release|ARM.ActiveCfg = Release|Any CPU
		{38CBDD87-99A0-46F4-90BD-EA1FDCB2451A}.Release|ARM.Build.0 = Release|Any CPU
		{38CBDD87-99A0-46F4-90BD-EA1FDCB2451A}.Release|iPhone.ActiveCfg = Release|Any CPU
		{38CBDD87-99A0-46F4-90BD-EA1FDCB2451A}.Release|iPhone.Build.0 = Release|Any CPU
		{38CBDD87-99A0-46F4-90BD-EA1FDCB2451A}.Release|iPhoneSimulator.ActiveCfg = Release|Any CPU
		{38CBDD87-99A0-46F4-90BD-EA1FDCB2451A}.Release|iPhoneSimulator.Build.0 = Release|Any CPU
		{38CBDD87-99A0-46F4-90BD-EA1FDCB2451A}.Release|x64.ActiveCfg = Release|Any CPU
		{38CBDD87-99A0-46F4-90BD-EA1FDCB2451A}.Release|x64.Build.0 = Release|Any CPU
		{38CBDD87-99A0-46F4-90BD-EA1FDCB2451A}.Release|x86.ActiveCfg = Release|Any CPU
		{38CBDD87-99A0-46F4-90BD-EA1FDCB2451A}.Release|x86.Build.0 = Release|Any CPU
	EndGlobalSection
	GlobalSection(SolutionProperties) = preSolution
		HideSolutionNode = FALSE
	EndGlobalSection
	GlobalSection(ExtensibilityGlobals) = postSolution
		SolutionGuid = {6BEE415F-293D-438E-9E52-5C3B698672D8}
	EndGlobalSection
EndGlobal
